{
	"name": "mono-repo",
	"version": "0.0.0",
	"lockfileVersion": 2,
	"requires": true,
	"packages": {
		"": {
			"name": "mono-repo",
			"version": "0.0.0",
			"license": "Apache-2.0",
			"workspaces": [
				"packages/*"
			]
		},
		"node_modules/nop-lib": {
			"resolved": "packages/nop-lib",
			"link": true
		},
		"packages/nop-lib": {
			"version": "0.0.1-rc",
			"license": "Apache-2.0",
			"devDependencies": {}
		}
	},
	"dependencies": {
		"nop-lib": {
			"version": "file:packages/nop-lib"
		}
	}
}
